
Microsoft Visual Studio Solution File, Format Version 11.00
# Visual Studio 2010
Project("{FAE04EC0-301F-11D3-BF4B-00C04F79EFBC}") = "test33", "Assembly-CSharp.csproj", "{D42F2577-29E3-35F8-706A-28A48ECF64B9}"
EndProject
Project("{FAE04EC0-301F-11D3-BF4B-00C04F79EFBC}") = "test33", "Assembly-CSharp-Editor.csproj", "{C836853B-7AC4-B8EB-9CC4-DC1F44ABAAE7}"
EndProject
Global
	GlobalSection(SolutionConfigurationPlatforms) = preSolution
		Debug|Any CPU = Debug|Any CPU
		Release|Any CPU = Release|Any CPU
	EndGlobalSection
	GlobalSection(ProjectConfigurationPlatforms) = postSolution
		{D42F2577-29E3-35F8-706A-28A48ECF64B9}.Debug|Any CPU.ActiveCfg = Debug|Any CPU
		{D42F2577-29E3-35F8-706A-28A48ECF64B9}.Debug|Any CPU.Build.0 = Debug|Any CPU
		{D42F2577-29E3-35F8-706A-28A48ECF64B9}.Release|Any CPU.ActiveCfg = Release|Any CPU
		{D42F2577-29E3-35F8-706A-28A48ECF64B9}.Release|Any CPU.Build.0 = Release|Any CPU
		{C836853B-7AC4-B8EB-9CC4-DC1F44ABAAE7}.Debug|Any CPU.ActiveCfg = Debug|Any CPU
		{C836853B-7AC4-B8EB-9CC4-DC1F44ABAAE7}.Debug|Any CPU.Build.0 = Debug|Any CPU
		{C836853B-7AC4-B8EB-9CC4-DC1F44ABAAE7}.Release|Any CPU.ActiveCfg = Release|Any CPU
		{C836853B-7AC4-B8EB-9CC4-DC1F44ABAAE7}.Release|Any CPU.Build.0 = Release|Any CPU
	EndGlobalSection
	GlobalSection(SolutionProperties) = preSolution
		HideSolutionNode = FALSE
	EndGlobalSection
	GlobalSection(MonoDevelopProperties) = preSolution
		StartupItem = Assembly-CSharp.csproj
	EndGlobalSection
EndGlobal
